
Microsoft Visual Studio Solution File, Format Version 12.00
# Visual Studio Version 16
VisualStudioVersion = 16.0.31624.102
MinimumVisualStudioVersion = 10.0.40219.1
Project("{FAE04EC0-301F-11D3-BF4B-00C04F79EFBC}") = "ASPnetAuto", "ASPnetAuto.csproj", "{39A606D4-4789-471A-A44B-40C16C350BD8}"
EndProject
Global
	GlobalSection(SolutionConfigurationPlatforms) = preSolution
		Debug|Any CPU = Debug|Any CPU
		Release|Any CPU = Release|Any CPU
	EndGlobalSection
	GlobalSection(ProjectConfigurationPlatforms) = postSolution
		{39A606D4-4789-471A-A44B-40C16C350BD8}.Debug|Any CPU.ActiveCfg = Debug|Any CPU
		{39A606D4-4789-471A-A44B-40C16C350BD8}.Debug|Any CPU.Build.0 = Debug|Any CPU
		{39A606D4-4789-471A-A44B-40C16C350BD8}.Release|Any CPU.ActiveCfg = Release|Any CPU
		{39A606D4-4789-471A-A44B-40C16C350BD8}.Release|Any CPU.Build.0 = Release|Any CPU
	EndGlobalSection
	GlobalSection(SolutionProperties) = preSolution
		HideSolutionNode = FALSE
	EndGlobalSection
	GlobalSection(ExtensibilityGlobals) = postSolution
		SolutionGuid = {6AA51B28-1031-44A3-B9CD-AC2E2B15671F}
	EndGlobalSection
EndGlobal
